
Microsoft Visual Studio Solution File, Format Version 12.00
# Visual Studio Version 17
VisualStudioVersion = 17.0.31903.59
MinimumVisualStudioVersion = 10.0.40219.1
Project("{2150E333-8FDC-42A3-9474-1A3956D46DE8}") = "src", "src", "{C25329E2-8798-40BE-B42E-FED7FB2140FC}"
EndProject
Project("{9A19103F-16F7-4668-BE54-9A1E7A4F7556}") = "Gleeman.Repository.EFCore", "src\Gleeman.Repository.EFCore\Gleeman.Repository.EFCore.csproj", "{C589B4F7-0BDA-472A-8E52-DE018EFF0449}"
EndProject
Project("{2150E333-8FDC-42A3-9474-1A3956D46DE8}") = "example", "example", "{B9AC1168-2A85-41BC-89C2-9639F5996EC1}"
EndProject
Project("{9A19103F-16F7-4668-BE54-9A1E7A4F7556}") = "Example.API", "example\Example.API\Example.API.csproj", "{D1541A77-9DCF-4960-A922-C2DFEF451C4C}"
EndProject
Project("{FAE04EC0-301F-11D3-BF4B-00C04F79EFBC}") = "Gleeman.Repository.MongoDriver", "src\Gleeman.Repository.MongoDriver\Gleeman.Repository.MongoDriver.csproj", "{152D8CD3-FE16-4F05-9394-0B40C9A32092}"
EndProject
Global
	GlobalSection(SolutionConfigurationPlatforms) = preSolution
		Debug|Any CPU = Debug|Any CPU
		Release|Any CPU = Release|Any CPU
	EndGlobalSection
	GlobalSection(ProjectConfigurationPlatforms) = postSolution
		{C589B4F7-0BDA-472A-8E52-DE018EFF0449}.Debug|Any CPU.ActiveCfg = Debug|Any CPU
		{C589B4F7-0BDA-472A-8E52-DE018EFF0449}.Debug|Any CPU.Build.0 = Debug|Any CPU
		{C589B4F7-0BDA-472A-8E52-DE018EFF0449}.Release|Any CPU.ActiveCfg = Release|Any CPU
		{C589B4F7-0BDA-472A-8E52-DE018EFF0449}.Release|Any CPU.Build.0 = Release|Any CPU
		{D1541A77-9DCF-4960-A922-C2DFEF451C4C}.Debug|Any CPU.ActiveCfg = Debug|Any CPU
		{D1541A77-9DCF-4960-A922-C2DFEF451C4C}.Debug|Any CPU.Build.0 = Debug|Any CPU
		{D1541A77-9DCF-4960-A922-C2DFEF451C4C}.Release|Any CPU.ActiveCfg = Release|Any CPU
		{D1541A77-9DCF-4960-A922-C2DFEF451C4C}.Release|Any CPU.Build.0 = Release|Any CPU
		{152D8CD3-FE16-4F05-9394-0B40C9A32092}.Debug|Any CPU.ActiveCfg = Debug|Any CPU
		{152D8CD3-FE16-4F05-9394-0B40C9A32092}.Debug|Any CPU.Build.0 = Debug|Any CPU
		{152D8CD3-FE16-4F05-9394-0B40C9A32092}.Release|Any CPU.ActiveCfg = Release|Any CPU
		{152D8CD3-FE16-4F05-9394-0B40C9A32092}.Release|Any CPU.Build.0 = Release|Any CPU
	EndGlobalSection
	GlobalSection(SolutionProperties) = preSolution
		HideSolutionNode = FALSE
	EndGlobalSection
	GlobalSection(NestedProjects) = preSolution
		{C589B4F7-0BDA-472A-8E52-DE018EFF0449} = {C25329E2-8798-40BE-B42E-FED7FB2140FC}
		{D1541A77-9DCF-4960-A922-C2DFEF451C4C} = {B9AC1168-2A85-41BC-89C2-9639F5996EC1}
		{152D8CD3-FE16-4F05-9394-0B40C9A32092} = {C25329E2-8798-40BE-B42E-FED7FB2140FC}
	EndGlobalSection
	GlobalSection(ExtensibilityGlobals) = postSolution
		SolutionGuid = {CE9C802B-5F57-4EC9-9162-2BA281A27B3E}
	EndGlobalSection
EndGlobal
